
Microsoft Visual Studio Solution File, Format Version 12.00
# Visual Studio 15
VisualStudioVersion = 15.0.26228.4
MinimumVisualStudioVersion = 10.0.40219.1
Project("{FAE04EC0-301F-11D3-BF4B-00C04F79EFBC}") = "FxConvertTask", "FxConvertTask\FxConvertTask.csproj", "{2CEC5B30-5C70-4B53-AA56-36D231006AA3}"
EndProject
Project("{FAE04EC0-301F-11D3-BF4B-00C04F79EFBC}") = "FxConvertTask.Tests", "FxConvertTask.Tests\FxConvertTask.Tests.csproj", "{32C5DBA0-4560-48E0-B70D-864AFEB67382}"
EndProject
Global
	GlobalSection(SolutionConfigurationPlatforms) = preSolution
		Debug|Any CPU = Debug|Any CPU
		Release|Any CPU = Release|Any CPU
	EndGlobalSection
	GlobalSection(ProjectConfigurationPlatforms) = postSolution
		{2CEC5B30-5C70-4B53-AA56-36D231006AA3}.Debug|Any CPU.ActiveCfg = Debug|Any CPU
		{2CEC5B30-5C70-4B53-AA56-36D231006AA3}.Debug|Any CPU.Build.0 = Debug|Any CPU
		{2CEC5B30-5C70-4B53-AA56-36D231006AA3}.Release|Any CPU.ActiveCfg = Release|Any CPU
		{2CEC5B30-5C70-4B53-AA56-36D231006AA3}.Release|Any CPU.Build.0 = Release|Any CPU
		{32C5DBA0-4560-48E0-B70D-864AFEB67382}.Debug|Any CPU.ActiveCfg = Debug|Any CPU
		{32C5DBA0-4560-48E0-B70D-864AFEB67382}.Debug|Any CPU.Build.0 = Debug|Any CPU
		{32C5DBA0-4560-48E0-B70D-864AFEB67382}.Release|Any CPU.ActiveCfg = Release|Any CPU
		{32C5DBA0-4560-48E0-B70D-864AFEB67382}.Release|Any CPU.Build.0 = Release|Any CPU
	EndGlobalSection
	GlobalSection(SolutionProperties) = preSolution
		HideSolutionNode = FALSE
	EndGlobalSection
EndGlobal
